
Microsoft Visual Studio Solution File, Format Version 12.00
# Visual Studio Version 17
VisualStudioVersion = 17.7.34031.279
MinimumVisualStudioVersion = 10.0.40219.1
Project("{FAE04EC0-301F-11D3-BF4B-00C04F79EFBC}") = "Coockieclicker", "Coockieclicker\Coockieclicker.csproj", "{DA224D8F-3389-4070-BDA9-6577C5870E32}"
EndProject
Global
	GlobalSection(SolutionConfigurationPlatforms) = preSolution
		Debug|Any CPU = Debug|Any CPU
		Release|Any CPU = Release|Any CPU
	EndGlobalSection
	GlobalSection(ProjectConfigurationPlatforms) = postSolution
		{DA224D8F-3389-4070-BDA9-6577C5870E32}.Debug|Any CPU.ActiveCfg = Debug|Any CPU
		{DA224D8F-3389-4070-BDA9-6577C5870E32}.Debug|Any CPU.Build.0 = Debug|Any CPU
		{DA224D8F-3389-4070-BDA9-6577C5870E32}.Release|Any CPU.ActiveCfg = Release|Any CPU
		{DA224D8F-3389-4070-BDA9-6577C5870E32}.Release|Any CPU.Build.0 = Release|Any CPU
	EndGlobalSection
	GlobalSection(SolutionProperties) = preSolution
		HideSolutionNode = FALSE
	EndGlobalSection
	GlobalSection(ExtensibilityGlobals) = postSolution
		SolutionGuid = {92690260-655C-4D98-805B-AA5AA44838BD}
	EndGlobalSection
EndGlobal
